
Microsoft Visual Studio Solution File, Format Version 12.00
# Visual Studio Version 16
VisualStudioVersion = 16.0.29418.71
MinimumVisualStudioVersion = 10.0.40219.1
Project("{FAE04EC0-301F-11D3-BF4B-00C04F79EFBC}") = "Interfactura.Repository", "Interfactura.Repository\Interfactura.Repository.csproj", "{D5599815-5ED6-4409-8239-D5F91E2CA54E}"
EndProject
Project("{2150E333-8FDC-42A3-9474-1A3956D46DE8}") = "CrossCutting", "CrossCutting", "{C5F7B4D7-F404-4D3F-9B1B-531D50A81BAE}"
EndProject
Project("{FAE04EC0-301F-11D3-BF4B-00C04F79EFBC}") = "Interfactura.ViewModel", "Interfactura.ViewModel\Interfactura.ViewModel.csproj", "{648F7663-4A6A-4E29-B0C5-C164243F5997}"
EndProject
Project("{2150E333-8FDC-42A3-9474-1A3956D46DE8}") = "Repositories", "Repositories", "{E8FEE4D7-369F-46C5-94E9-46F8D999ED80}"
EndProject
Project("{2150E333-8FDC-42A3-9474-1A3956D46DE8}") = "UI", "UI", "{2F7D5E52-8DAE-4A41-BB2A-9CABD2C56268}"
EndProject
Project("{FAE04EC0-301F-11D3-BF4B-00C04F79EFBC}") = "Interfactura.Web.UI", "Interfactura.Web.UI\Interfactura.Web.UI.csproj", "{C653B306-3411-41FC-8422-A17A45BFB781}"
EndProject
Global
	GlobalSection(SolutionConfigurationPlatforms) = preSolution
		Debug|Any CPU = Debug|Any CPU
		Release|Any CPU = Release|Any CPU
	EndGlobalSection
	GlobalSection(ProjectConfigurationPlatforms) = postSolution
		{D5599815-5ED6-4409-8239-D5F91E2CA54E}.Debug|Any CPU.ActiveCfg = Debug|Any CPU
		{D5599815-5ED6-4409-8239-D5F91E2CA54E}.Debug|Any CPU.Build.0 = Debug|Any CPU
		{D5599815-5ED6-4409-8239-D5F91E2CA54E}.Release|Any CPU.ActiveCfg = Release|Any CPU
		{D5599815-5ED6-4409-8239-D5F91E2CA54E}.Release|Any CPU.Build.0 = Release|Any CPU
		{648F7663-4A6A-4E29-B0C5-C164243F5997}.Debug|Any CPU.ActiveCfg = Debug|Any CPU
		{648F7663-4A6A-4E29-B0C5-C164243F5997}.Debug|Any CPU.Build.0 = Debug|Any CPU
		{648F7663-4A6A-4E29-B0C5-C164243F5997}.Release|Any CPU.ActiveCfg = Release|Any CPU
		{648F7663-4A6A-4E29-B0C5-C164243F5997}.Release|Any CPU.Build.0 = Release|Any CPU
		{C653B306-3411-41FC-8422-A17A45BFB781}.Debug|Any CPU.ActiveCfg = Debug|Any CPU
		{C653B306-3411-41FC-8422-A17A45BFB781}.Debug|Any CPU.Build.0 = Debug|Any CPU
		{C653B306-3411-41FC-8422-A17A45BFB781}.Release|Any CPU.ActiveCfg = Release|Any CPU
		{C653B306-3411-41FC-8422-A17A45BFB781}.Release|Any CPU.Build.0 = Release|Any CPU
	EndGlobalSection
	GlobalSection(SolutionProperties) = preSolution
		HideSolutionNode = FALSE
	EndGlobalSection
	GlobalSection(NestedProjects) = preSolution
		{D5599815-5ED6-4409-8239-D5F91E2CA54E} = {E8FEE4D7-369F-46C5-94E9-46F8D999ED80}
		{648F7663-4A6A-4E29-B0C5-C164243F5997} = {C5F7B4D7-F404-4D3F-9B1B-531D50A81BAE}
		{C653B306-3411-41FC-8422-A17A45BFB781} = {2F7D5E52-8DAE-4A41-BB2A-9CABD2C56268}
	EndGlobalSection
	GlobalSection(ExtensibilityGlobals) = postSolution
		SolutionGuid = {436840DC-461B-48AB-BE16-E0A728E9D2C8}
	EndGlobalSection
EndGlobal
